{
  "name": "airhealth",
  "version": "1.0.0",
  "lockfileVersion": 1,
  "requires": true,
  "dependencies": {
    "@babel/helper-annotate-as-pure": {
      "version": "7.7.4",
      "resolved": "https://registry.npmjs.org/@babel/helper-annotate-as-pure/-/helper-annotate-as-pure-7.7.4.tgz",
      "integrity": "sha512-2BQmQgECKzYKFPpiycoF9tlb5HA4lrVyAmLLVK177EcQAqjVLciUb2/R+n1boQ9y5ENV3uz2ZqiNw7QMBBw1Og==",
      "requires": {
        "@babel/types": "^7.7.4"
      }
    },
    "@babel/helper-module-imports": {
      "version": "7.7.4",
      "resolved": "https://registry.npmjs.org/@babel/helper-module-imports/-/helper-module-imports-7.7.4.tgz",
      "integrity": "sha512-dGcrX6K9l8258WFjyDLJwuVKxR4XZfU0/vTUgOQYWEnRD8mgr+p4d6fCUMq/ys0h4CCt/S5JhbvtyErjWouAUQ==",
      "requires": {
        "@babel/types": "^7.7.4"
      }
    },
    "@babel/types": {
      "version": "7.7.4",
      "resolved": "https://registry.npmjs.org/@babel/types/-/types-7.7.4.tgz",
      "integrity": "sha512-cz5Ji23KCi4T+YIE/BolWosrJuSmoZeN1EFnRtBwF+KKLi8GG/Z2c2hOJJeCXPk4mwk4QFvTmwIodJowXgttRA==",
      "requires": {
        "esutils": "^2.0.2",
        "lodash": "^4.17.13",
        "to-fast-properties": "^2.0.0"
      }
    },
    "@emotion/is-prop-valid": {
      "version": "0.6.8",
      "resolved": "https://registry.npmjs.org/@emotion/is-prop-valid/-/is-prop-valid-0.6.8.tgz",
      "integrity": "sha512-IMSL7ekYhmFlILXcouA6ket3vV7u9BqStlXzbKOF9HBtpUPMMlHU+bBxrLOa2NvleVwNIxeq/zL8LafLbeUXcA==",
      "requires": {
        "@emotion/memoize": "^0.6.6"
      }
    },
    "@emotion/memoize": {
      "version": "0.6.6",
      "resolved": "https://registry.npmjs.org/@emotion/memoize/-/memoize-0.6.6.tgz",
      "integrity": "sha512-h4t4jFjtm1YV7UirAFuSuFGyLa+NNxjdkq6DpFLANNQY5rHueFZHVY+8Cu1HYVP6DrheB0kv4m5xPjo7eKT7yQ=="
    },
    "@fortawesome/fontawesome-common-types": {
      "version": "0.2.28",
      "resolved": "https://registry.npmjs.org/@fortawesome/fontawesome-common-types/-/fontawesome-common-types-0.2.28.tgz",
      "integrity": "sha512-gtis2/5yLdfI6n0ia0jH7NJs5i/Z/8M/ZbQL6jXQhCthEOe5Cr5NcQPhgTvFxNOtURE03/ZqUcEskdn2M+QaBg=="
    },
    "@fortawesome/fontawesome-svg-core": {
      "version": "1.2.28",
      "resolved": "https://registry.npmjs.org/@fortawesome/fontawesome-svg-core/-/fontawesome-svg-core-1.2.28.tgz",
      "integrity": "sha512-4LeaNHWvrneoU0i8b5RTOJHKx7E+y7jYejplR7uSVB34+mp3Veg7cbKk7NBCLiI4TyoWS1wh9ZdoyLJR8wSAdg==",
      "requires": {
        "@fortawesome/fontawesome-common-types": "^0.2.28"
      }
    },
    "@fortawesome/free-regular-svg-icons": {
      "version": "5.13.0",
      "resolved": "https://registry.npmjs.org/@fortawesome/free-regular-svg-icons/-/free-regular-svg-icons-5.13.0.tgz",
      "integrity": "sha512-70FAyiS5j+ANYD4dh9NGowTorNDnyvQHHpCM7FpnF7GxtDjBUCKdrFqCPzesEIpNDFNd+La3vex+jDk4nnUfpA==",
      "requires": {
        "@fortawesome/fontawesome-common-types": "^0.2.28"
      }
    },
    "@fortawesome/free-solid-svg-icons": {
      "version": "5.13.0",
      "resolved": "https://registry.npmjs.org/@fortawesome/free-solid-svg-icons/-/free-solid-svg-icons-5.13.0.tgz",
      "integrity": "sha512-IHUgDJdomv6YtG4p3zl1B5wWf9ffinHIvebqQOmV3U+3SLw4fC+LUCCgwfETkbTtjy5/Qws2VoVf6z/ETQpFpg==",
      "requires": {
        "@fortawesome/fontawesome-common-types": "^0.2.28"
      }
    },
    "@fortawesome/react-fontawesome": {
      "version": "0.1.9",
      "resolved": "https://registry.npmjs.org/@fortawesome/react-fontawesome/-/react-fontawesome-0.1.9.tgz",
      "integrity": "sha512-49V3WNysLZU5fZ3sqSuys4nGRytsrxJktbv3vuaXkEoxv22C6T7TEG0TW6+nqVjMnkfCQd5xOnmJoZHMF78tOw==",
      "requires": {
        "prop-types": "^15.7.2"
      }
    },
    "@next/env": {
      "version": "13.0.2",
      "resolved": "https://registry.npmjs.org/@next/env/-/env-13.0.2.tgz",
      "integrity": "sha512-Qb6WPuRriGIQ19qd6NBxpcrFOfj8ziN7l9eZUfwff5gl4zLXluqtuZPddYZM/oWjN53ZYcuRXzL+oowKyJeYtA=="
    },
    "@next/swc-android-arm-eabi": {
      "version": "13.0.2",
      "resolved": "https://registry.npmjs.org/@next/swc-android-arm-eabi/-/swc-android-arm-eabi-13.0.2.tgz",
      "integrity": "sha512-X54UQCTFyOGnJP//Z71dPPlp4BCYcQL2ncikKXQcPzVpqPs4C3m+tKC8ivBNH6edAXkppwsLRz1/yQwgSZ9Swg==",
      "optional": true
    },
    "@next/swc-android-arm64": {
      "version": "13.0.2",
      "resolved": "https://registry.npmjs.org/@next/swc-android-arm64/-/swc-android-arm64-13.0.2.tgz",
      "integrity": "sha512-1P00Kv8uKaLubqo7JzPrTqgFAzSOmfb8iwqJrOb9in5IvTRtNGlkR4hU0sXzqbQNM/+SaYxze6Z5ry1IDyb/cQ==",
      "optional": true
    },
    "@next/swc-darwin-arm64": {
      "version": "13.0.2",
      "resolved": "https://registry.npmjs.org/@next/swc-darwin-arm64/-/swc-darwin-arm64-13.0.2.tgz",
      "integrity": "sha512-1zGIOkInkOLRv0QQGZ+3wffYsyKI4vIy62LYTvDWUn7TAYqnmXwougp9NSLqDeagLwgsv2URrykyAFixA/YqxA==",
      "optional": true
    },
    "@next/swc-darwin-x64": {
      "version": "13.0.2",
      "resolved": "https://registry.npmjs.org/@next/swc-darwin-x64/-/swc-darwin-x64-13.0.2.tgz",
      "integrity": "sha512-ECDAjoMP1Y90cARaelS6X+k6BQx+MikAYJ8f/eaJrLur44NIOYc9HA/dgcTp5jenguY4yT8V+HCquLjAVle6fA==",
      "optional": true
    },
    "@next/swc-freebsd-x64": {
      "version": "13.0.2",
      "resolved": "https://registry.npmjs.org/@next/swc-freebsd-x64/-/swc-freebsd-x64-13.0.2.tgz",
      "integrity": "sha512-2DcL/ofQdBnQX3IoI9sjlIAyLCD1oZoUBuhrhWbejvBQjutWrI0JTEv9uG69WcxWhVMm3BCsjv8GK2/68OKp7A==",
      "optional": true
    },
    "@next/swc-linux-arm-gnueabihf": {
      "version": "13.0.2",
      "resolved": "https://registry.npmjs.org/@next/swc-linux-arm-gnueabihf/-/swc-linux-arm-gnueabihf-13.0.2.tgz",
      "integrity": "sha512-Y3OQF1CSBSWW2vGkmvOIuOUNqOq8qX7f1ZpcKUVWP3/Uq++DZmVi9d18lgnSe1I3QFqc+nXWyun9ljsN83j0sw==",
      "optional": true
    },
    "@next/swc-linux-arm64-gnu": {
      "version": "13.0.2",
      "resolved": "https://registry.npmjs.org/@next/swc-linux-arm64-gnu/-/swc-linux-arm64-gnu-13.0.2.tgz",
      "integrity": "sha512-mNyzwsFF6kwZYEjnGicx9ksDZYEZvyzEc1BtCu8vdZi/v8UeixQwCiAT6FyYX9uxMPEkzk8qiU0t0u9gvltsKw==",
      "optional": true
    },
    "@next/swc-linux-arm64-musl": {
      "version": "13.0.2",
      "resolved": "https://registry.npmjs.org/@next/swc-linux-arm64-musl/-/swc-linux-arm64-musl-13.0.2.tgz",
      "integrity": "sha512-M6SdYjWgRrY3tJBxz0663zCRPTu5BRONmxlftKWWHv9LjAJ59neTLaGj4rp0A08DkJglZIoCkLOzLrzST6TGag==",
      "optional": true
    },
    "@next/swc-linux-x64-gnu": {
      "version": "13.0.2",
      "resolved": "https://registry.npmjs.org/@next/swc-linux-x64-gnu/-/swc-linux-x64-gnu-13.0.2.tgz",
      "integrity": "sha512-pi63RoxvG4ES1KS06Zpm0MATVIXTs/TIbLbdckeLoM40u1d3mQl/+hSSrLRSxzc2OtyL8fh92sM4gkJrQXAMAw==",
      "optional": true
    },
    "@next/swc-linux-x64-musl": {
      "version": "13.0.2",
      "resolved": "https://registry.npmjs.org/@next/swc-linux-x64-musl/-/swc-linux-x64-musl-13.0.2.tgz",
      "integrity": "sha512-9Pv91gfYnDONgjtRm78n64b/c54+azeHtlnqBLTnIFWSMBDRl1/WDkhKWIj3fBGPLimtK7Tko3ULR3og9RRUPw==",
      "optional": true
    },
    "@next/swc-win32-arm64-msvc": {
      "version": "13.0.2",
      "resolved": "https://registry.npmjs.org/@next/swc-win32-arm64-msvc/-/swc-win32-arm64-msvc-13.0.2.tgz",
      "integrity": "sha512-Nvewe6YZaizAkGHHprbMkYqQulBjZCHKBGKeFPwoPtOA+a2Qi4pZzc/qXFyC5/2A6Z0mr2U1zg9rd04WBYMwBw==",
      "optional": true
    },
    "@next/swc-win32-ia32-msvc": {
      "version": "13.0.2",
      "resolved": "https://registry.npmjs.org/@next/swc-win32-ia32-msvc/-/swc-win32-ia32-msvc-13.0.2.tgz",
      "integrity": "sha512-ZUBYGZw5G3QrqDpRq1EWi3aHmvPZM8ijK5TFL6UbH16cYQ0JpANmuG2P66KB93Qe/lWWzbeAZk/tj1XqwoCuPA==",
      "optional": true
    },
    "@next/swc-win32-x64-msvc": {
      "version": "13.0.2",
      "resolved": "https://registry.npmjs.org/@next/swc-win32-x64-msvc/-/swc-win32-x64-msvc-13.0.2.tgz",
      "integrity": "sha512-fA9uW1dm7C0mEYGcKlbmLcVm2sKcye+1kPxh2cM4jVR+kQQMtHWsjIzeSpe2grQLSDan06z4n6hbr8b1c3hA8w==",
      "optional": true
    },
    "@swc/helpers": {
      "version": "0.4.11",
      "resolved": "https://registry.npmjs.org/@swc/helpers/-/helpers-0.4.11.tgz",
      "integrity": "sha512-rEUrBSGIoSFuYxwBYtlUFMlE2CwGhmW+w9355/5oduSw8e5h2+Tj4UrAGNNgP9915++wj5vkQo0UuOBqOAq4nw==",
      "requires": {
        "tslib": "^2.4.0"
      }
    },
    "babel-plugin-styled-components": {
      "version": "1.8.0",
      "resolved": "https://registry.npmjs.org/babel-plugin-styled-components/-/babel-plugin-styled-components-1.8.0.tgz",
      "integrity": "sha512-PcrdbXFO/9Plo9JURIj8G0Dsz+Ct8r+NvjoLh6qPt8Y/3EIAj1gHGW1ocPY1IkQbXZLBEZZSRBAxJem1KFdBXg==",
      "dev": true,
      "requires": {
        "@babel/helper-annotate-as-pure": "^7.0.0",
        "lodash": "^4.17.10"
      }
    },
    "babel-plugin-syntax-jsx": {
      "version": "6.18.0",
      "resolved": "https://registry.npmjs.org/babel-plugin-syntax-jsx/-/babel-plugin-syntax-jsx-6.18.0.tgz",
      "integrity": "sha1-CvMqmm4Tyno/1QaeYtew9Y0NiUY="
    },
    "camelize": {
      "version": "1.0.0",
      "resolved": "https://registry.npmjs.org/camelize/-/camelize-1.0.0.tgz",
      "integrity": "sha1-FkpUg+Yw+kMh5a8HAg5TGDGyYJs="
    },
    "caniuse-lite": {
      "version": "1.0.30001431",
      "resolved": "https://registry.npmjs.org/caniuse-lite/-/caniuse-lite-1.0.30001431.tgz",
      "integrity": "sha512-zBUoFU0ZcxpvSt9IU66dXVT/3ctO1cy4y9cscs1szkPlcWb6pasYM144GqrUygUbT+k7cmUCW61cvskjcv0enQ=="
    },
    "client-only": {
      "version": "0.0.1",
      "resolved": "https://registry.npmjs.org/client-only/-/client-only-0.0.1.tgz",
      "integrity": "sha512-IV3Ou0jSMzZrd3pZ48nLkT9DA7Ag1pnPzaiQhpW7c3RbcqqzvzzVu+L8gfqMp/8IM2MQtSiqaCxrrcfu8I8rMA=="
    },
    "css-color-keywords": {
      "version": "1.0.0",
      "resolved": "https://registry.npmjs.org/css-color-keywords/-/css-color-keywords-1.0.0.tgz",
      "integrity": "sha1-/qJhbcZ2spYmhrOvjb2+GAskTgU="
    },
    "css-to-react-native": {
      "version": "2.3.2",
      "resolved": "https://registry.npmjs.org/css-to-react-native/-/css-to-react-native-2.3.2.tgz",
      "integrity": "sha512-VOFaeZA053BqvvvqIA8c9n0+9vFppVBAHCp6JgFTtTMU3Mzi+XnelJ9XC9ul3BqFzZyQ5N+H0SnwsWT2Ebchxw==",
      "requires": {
        "camelize": "^1.0.0",
        "css-color-keywords": "^1.0.0",
        "postcss-value-parser": "^3.3.0"
      },
      "dependencies": {
        "postcss-value-parser": {
          "version": "3.3.1",
          "resolved": "https://registry.npmjs.org/postcss-value-parser/-/postcss-value-parser-3.3.1.tgz",
          "integrity": "sha512-pISE66AbVkp4fDQ7VHBwRNXzAAKJjw4Vw7nWI/+Q3vuly7SNfgYXvm6i5IgFylHGK5sP/xHAbB7N49OS4gWNyQ=="
        }
      }
    },
    "esutils": {
      "version": "2.0.3",
      "resolved": "https://registry.npmjs.org/esutils/-/esutils-2.0.3.tgz",
      "integrity": "sha512-kVscqXk4OCp68SZ0dkgEKVi6/8ij300KBWTJq32P/dYeWTSwK41WyTxalN1eRmA5Z9UU/LX9D7FWSmV9SAYx6g=="
    },
    "js-tokens": {
      "version": "4.0.0",
      "resolved": "https://registry.npmjs.org/js-tokens/-/js-tokens-4.0.0.tgz",
      "integrity": "sha512-RdJUflcE3cUzKiMqQgsCu06FPu9UdIJO0beYbPhHN4k6apgJtifcoCtT9bcxOpYBtpD2kCM6Sbzg4CausW/PKQ=="
    },
    "lodash": {
      "version": "4.17.19",
      "resolved": "https://registry.npmjs.org/lodash/-/lodash-4.17.19.tgz",
      "integrity": "sha512-JNvd8XER9GQX0v2qJgsaN/mzFCNA5BRe/j8JN9d+tWyGLSodKQHKFicdwNYzWwI3wjRnaKPsGj1XkBjx/F96DQ=="
    },
    "loose-envify": {
      "version": "1.4.0",
      "resolved": "https://registry.npmjs.org/loose-envify/-/loose-envify-1.4.0.tgz",
      "integrity": "sha512-lyuxPGr/Wfhrlem2CL/UcnUc1zcqKAImBDzukY7Y5F/yQiNdko6+fRLevlw1HgMySw7f611UIY408EtxRSoK3Q==",
      "requires": {
        "js-tokens": "^3.0.0 || ^4.0.0"
      }
    },
    "memoize-one": {
      "version": "4.0.3",
      "resolved": "https://registry.npmjs.org/memoize-one/-/memoize-one-4.0.3.tgz",
      "integrity": "sha512-QmpUu4KqDmX0plH4u+tf0riMc1KHE1+lw95cMrLlXQAFOx/xnBtwhZ52XJxd9X2O6kwKBqX32kmhbhlobD0cuw=="
    },
    "nanoid": {
      "version": "3.3.4",
      "resolved": "https://registry.npmjs.org/nanoid/-/nanoid-3.3.4.tgz",
      "integrity": "sha512-MqBkQh/OHTS2egovRtLk45wEyNXwF+cokD+1YPf9u5VfJiRdAiRwB2froX5Co9Rh20xs4siNPm8naNotSD6RBw=="
    },
    "next": {
      "version": "13.0.2",
      "resolved": "https://registry.npmjs.org/next/-/next-13.0.2.tgz",
      "integrity": "sha512-uQ5z5e4D9mOe8+upy6bQdYYjo/kk1v3jMW87kTy2TgAyAsEO+CkwRnMgyZ4JoHEnhPZLHwh7dk0XymRNLe1gFw==",
      "requires": {
        "@next/env": "13.0.2",
        "@next/swc-android-arm-eabi": "13.0.2",
        "@next/swc-android-arm64": "13.0.2",
        "@next/swc-darwin-arm64": "13.0.2",
        "@next/swc-darwin-x64": "13.0.2",
        "@next/swc-freebsd-x64": "13.0.2",
        "@next/swc-linux-arm-gnueabihf": "13.0.2",
        "@next/swc-linux-arm64-gnu": "13.0.2",
        "@next/swc-linux-arm64-musl": "13.0.2",
        "@next/swc-linux-x64-gnu": "13.0.2",
        "@next/swc-linux-x64-musl": "13.0.2",
        "@next/swc-win32-arm64-msvc": "13.0.2",
        "@next/swc-win32-ia32-msvc": "13.0.2",
        "@next/swc-win32-x64-msvc": "13.0.2",
        "@swc/helpers": "0.4.11",
        "caniuse-lite": "^1.0.30001406",
        "postcss": "8.4.14",
        "styled-jsx": "5.1.0",
        "use-sync-external-store": "1.2.0"
      }
    },
    "object-assign": {
      "version": "4.1.1",
      "resolved": "https://registry.npmjs.org/object-assign/-/object-assign-4.1.1.tgz",
      "integrity": "sha1-IQmtx5ZYh8/AXLvUQsrIv7s2CGM="
    },
    "picocolors": {
      "version": "1.0.0",
      "resolved": "https://registry.npmjs.org/picocolors/-/picocolors-1.0.0.tgz",
      "integrity": "sha512-1fygroTLlHu66zi26VoTDv8yRgm0Fccecssto+MhsZ0D/DGW2sm8E8AjW7NU5VVTRt5GxbeZ5qBuJr+HyLYkjQ=="
    },
    "postcss": {
      "version": "8.4.14",
      "resolved": "https://registry.npmjs.org/postcss/-/postcss-8.4.14.tgz",
      "integrity": "sha512-E398TUmfAYFPBSdzgeieK2Y1+1cpdxJx8yXbK/m57nRhKSmk1GB2tO4lbLBtlkfPQTDKfe4Xqv1ASWPpayPEig==",
      "requires": {
        "nanoid": "^3.3.4",
        "picocolors": "^1.0.0",
        "source-map-js": "^1.0.2"
      }
    },
    "prop-types": {
      "version": "15.7.2",
      "resolved": "https://registry.npmjs.org/prop-types/-/prop-types-15.7.2.tgz",
      "integrity": "sha512-8QQikdH7//R2vurIJSutZ1smHYTcLpRWEOlHnzcWHmBYrOGUysKwSsrC89BCiFj3CbrfJ/nXFdJepOVrY1GCHQ==",
      "requires": {
        "loose-envify": "^1.4.0",
        "object-assign": "^4.1.1",
        "react-is": "^16.8.1"
      }
    },
    "react": {
      "version": "16.12.0",
      "resolved": "https://registry.npmjs.org/react/-/react-16.12.0.tgz",
      "integrity": "sha512-fglqy3k5E+81pA8s+7K0/T3DBCF0ZDOher1elBFzF7O6arXJgzyu/FW+COxFvAWXJoJN9KIZbT2LXlukwphYTA==",
      "requires": {
        "loose-envify": "^1.1.0",
        "object-assign": "^4.1.1",
        "prop-types": "^15.6.2"
      }
    },
    "react-dom": {
      "version": "16.12.0",
      "resolved": "https://registry.npmjs.org/react-dom/-/react-dom-16.12.0.tgz",
      "integrity": "sha512-LMxFfAGrcS3kETtQaCkTKjMiifahaMySFDn71fZUNpPHZQEzmk/GiAeIT8JSOrHB23fnuCOMruL2a8NYlw+8Gw==",
      "requires": {
        "loose-envify": "^1.1.0",
        "object-assign": "^4.1.1",
        "prop-types": "^15.6.2",
        "scheduler": "^0.18.0"
      }
    },
    "react-is": {
      "version": "16.8.6",
      "resolved": "https://registry.npmjs.org/react-is/-/react-is-16.8.6.tgz",
      "integrity": "sha512-aUk3bHfZ2bRSVFFbbeVS4i+lNPZr3/WM5jT2J5omUVV1zzcs1nAaf3l51ctA5FFvCRbhrH0bdAsRRQddFJZPtA=="
    },
    "scheduler": {
      "version": "0.18.0",
      "resolved": "https://registry.npmjs.org/scheduler/-/scheduler-0.18.0.tgz",
      "integrity": "sha512-agTSHR1Nbfi6ulI0kYNK0203joW2Y5W4po4l+v03tOoiJKpTBbxpNhWDvqc/4IcOw+KLmSiQLTasZ4cab2/UWQ==",
      "requires": {
        "loose-envify": "^1.1.0",
        "object-assign": "^4.1.1"
      }
    },
    "source-map-js": {
      "version": "1.0.2",
      "resolved": "https://registry.npmjs.org/source-map-js/-/source-map-js-1.0.2.tgz",
      "integrity": "sha512-R0XvVJ9WusLiqTCEiGCmICCMplcCkIwwR11mOSD9CR5u+IXYdiseeEuXCVAjS54zqwkLcPNnmU4OeJ6tUrWhDw=="
    },
    "styled-components": {
      "version": "4.0.0",
      "resolved": "https://registry.npmjs.org/styled-components/-/styled-components-4.0.0.tgz",
      "integrity": "sha512-+SXoKjaXmApQHjQXNY5pxuRpnabR7vnL6J59Gtcj118ll8gsg9MM8gkjWu6Ahc0NB9kLjh3O9Ho2iun6uLunVA==",
      "requires": {
        "@emotion/is-prop-valid": "^0.6.8",
        "babel-plugin-styled-components": ">= 1",
        "css-to-react-native": "^2.2.2",
        "memoize-one": "^4.0.0",
        "prop-types": "^15.5.4",
        "react-is": "^16.3.1",
        "stylis": "^3.5.0",
        "stylis-rule-sheet": "^0.0.10"
      },
      "dependencies": {
        "babel-plugin-styled-components": {
          "version": "1.10.6",
          "resolved": "https://registry.npmjs.org/babel-plugin-styled-components/-/babel-plugin-styled-components-1.10.6.tgz",
          "integrity": "sha512-gyQj/Zf1kQti66100PhrCRjI5ldjaze9O0M3emXRPAN80Zsf8+e1thpTpaXJXVHXtaM4/+dJEgZHyS9Its+8SA==",
          "requires": {
            "@babel/helper-annotate-as-pure": "^7.0.0",
            "@babel/helper-module-imports": "^7.0.0",
            "babel-plugin-syntax-jsx": "^6.18.0",
            "lodash": "^4.17.11"
          }
        }
      }
    },
    "styled-jsx": {
      "version": "5.1.0",
      "resolved": "https://registry.npmjs.org/styled-jsx/-/styled-jsx-5.1.0.tgz",
      "integrity": "sha512-/iHaRJt9U7T+5tp6TRelLnqBqiaIT0HsO0+vgyj8hK2KUk7aejFqRrumqPUlAqDwAj8IbS/1hk3IhBAAK/FCUQ==",
      "requires": {
        "client-only": "0.0.1"
      }
    },
    "styled-normalize": {
      "version": "8.0.6",
      "resolved": "https://registry.npmjs.org/styled-normalize/-/styled-normalize-8.0.6.tgz",
      "integrity": "sha512-tOnAD1+wV04aiVy6chaQA4u/EtkGiGZPlIBYvEfWlZQBrDqRhu9EdPyXlFzLWxpOmANoQelJqSOMlV3QNCDKkw=="
    },
    "stylis": {
      "version": "3.5.4",
      "resolved": "https://registry.npmjs.org/stylis/-/stylis-3.5.4.tgz",
      "integrity": "sha512-8/3pSmthWM7lsPBKv7NXkzn2Uc9W7NotcwGNpJaa3k7WMM1XDCA4MgT5k/8BIexd5ydZdboXtU90XH9Ec4Bv/Q=="
    },
    "stylis-rule-sheet": {
      "version": "0.0.10",
      "resolved": "https://registry.npmjs.org/stylis-rule-sheet/-/stylis-rule-sheet-0.0.10.tgz",
      "integrity": "sha512-nTbZoaqoBnmK+ptANthb10ZRZOGC+EmTLLUxeYIuHNkEKcmKgXX1XWKkUBT2Ac4es3NybooPe0SmvKdhKJZAuw=="
    },
    "to-fast-properties": {
      "version": "2.0.0",
      "resolved": "https://registry.npmjs.org/to-fast-properties/-/to-fast-properties-2.0.0.tgz",
      "integrity": "sha1-3F5pjL0HkmW8c+A3doGk5Og/YW4="
    },
    "tslib": {
      "version": "2.4.1",
      "resolved": "https://registry.npmjs.org/tslib/-/tslib-2.4.1.tgz",
      "integrity": "sha512-tGyy4dAjRIEwI7BzsB0lynWgOpfqjUdq91XXAlIWD2OwKBH7oCl/GZG/HT4BOHrTlPMOASlMQ7veyTqpmRcrNA=="
    },
    "use-sync-external-store": {
      "version": "1.2.0",
      "resolved": "https://registry.npmjs.org/use-sync-external-store/-/use-sync-external-store-1.2.0.tgz",
      "integrity": "sha512-eEgnFxGQ1Ife9bzYs6VLi8/4X6CObHMw9Qr9tPY43iKwsPw8xE8+EFsf/2cFZ5S3esXgpWgtSCtLNS41F+sKPA=="
    }
  }
}
